// !$*UTF8*$!
{
	archiveVersion = 1;
	classes = {
	};
	objectVersion = 46;
	objects = {

/* Begin PBXBuildFile section */
		1DDD58160DA1D0A300B32029 /* MainMenu.xib in Resources */ = {isa = PBXBuildFile; fileRef = 1DDD58140DA1D0A300B32029 /* MainMenu.xib */; };
		8D11072B0486CEB800E47090 /* InfoPlist.strings in Resources */ = {isa = PBXBuildFile; fileRef = 089C165CFE840E0CC02AAC07 /* InfoPlist.strings */; };
		8D11072D0486CEB800E47090 /* main.m in Sources */ = {isa = PBXBuildFile; fileRef = 29B97316FDCFA39411CA2CEA /* main.m */; settings = {ATTRIBUTES = (); }; };
		8D11072F0486CEB800E47090 /* Cocoa.framework in Frameworks */ = {isa = PBXBuildFile; fileRef = 1058C7A1FEA54F0111CA2CBB /* Cocoa.framework */; };
		C01B9DC617C924A900F16CA7 /* ICUTemplateMatcher.m in Sources */ = {isa = PBXBuildFile; fileRef = C9D8701E0DE1FD5C00F0B62A /* ICUTemplateMatcher.m */; };
		C01B9DC717C924AC00F16CA7 /* RegexKitLite.m in Sources */ = {isa = PBXBuildFile; fileRef = C9D870280DE1FF9800F0B62A /* RegexKitLite.m */; };
		C01B9DC817C924B200F16CA7 /* NSArray_DeepMutableCopy.m in Sources */ = {isa = PBXBuildFile; fileRef = C9D8705E0DE2094000F0B62A /* NSArray_DeepMutableCopy.m */; };
		C01B9DC917C924B700F16CA7 /* NSDictionary_DeepMutableCopy.m in Sources */ = {isa = PBXBuildFile; fileRef = C9D870600DE2094000F0B62A /* NSDictionary_DeepMutableCopy.m */; };
		C01D85B817C8F6F50074C3CF /* Cocoa.framework in Frameworks */ = {isa = PBXBuildFile; fileRef = C01D85B717C8F6F50074C3CF /* Cocoa.framework */; };
		C01D85BE17C8F6F50074C3CF /* TemplateEngine.m in Sources */ = {isa = PBXBuildFile; fileRef = C01D85BD17C8F6F50074C3CF /* TemplateEngine.m */; };
		C01D85C417C8F6F50074C3CF /* XCTest.framework in Frameworks */ = {isa = PBXBuildFile; fileRef = C06BD69617B9E7DA004CB1F8 /* XCTest.framework */; };
		C01D85C517C8F6F50074C3CF /* Cocoa.framework in Frameworks */ = {isa = PBXBuildFile; fileRef = C01D85B717C8F6F50074C3CF /* Cocoa.framework */; };
		C01D85C817C8F6F50074C3CF /* libTemplateEngine.a in Frameworks */ = {isa = PBXBuildFile; fileRef = C01D85B617C8F6F50074C3CF /* libTemplateEngine.a */; };
		C01D85CE17C8F6F60074C3CF /* InfoPlist.strings in Resources */ = {isa = PBXBuildFile; fileRef = C01D85CC17C8F6F60074C3CF /* InfoPlist.strings */; };
		C01D85D017C8F6F60074C3CF /* TemplateEngineTests.m in Sources */ = {isa = PBXBuildFile; fileRef = C01D85CF17C8F6F60074C3CF /* TemplateEngineTests.m */; };
		C01D85D717C8F70A0074C3CF /* MGTemplateEngine.m in Sources */ = {isa = PBXBuildFile; fileRef = C9D870100DE1FD2700F0B62A /* MGTemplateEngine.m */; };
		C01D85D817C8F7120074C3CF /* MGTemplateEngine.h in Headers */ = {isa = PBXBuildFile; fileRef = C9D8700F0DE1FD2700F0B62A /* MGTemplateEngine.h */; };
		C01D85D917C8F7120074C3CF /* MGTemplateMarker.h in Headers */ = {isa = PBXBuildFile; fileRef = C9D870120DE1FD2700F0B62A /* MGTemplateMarker.h */; };
		C01D85DA17C8F7120074C3CF /* MGTemplateFilter.h in Headers */ = {isa = PBXBuildFile; fileRef = C9D870110DE1FD2700F0B62A /* MGTemplateFilter.h */; };
		C01D85DB17C8F7120074C3CF /* MGTemplateStandardMarkers.h in Headers */ = {isa = PBXBuildFile; fileRef = C9D870150DE1FD2700F0B62A /* MGTemplateStandardMarkers.h */; };
		C01D85DC17C8F7120074C3CF /* MGTemplateStandardMarkers.m in Sources */ = {isa = PBXBuildFile; fileRef = C9D870160DE1FD2700F0B62A /* MGTemplateStandardMarkers.m */; };
		C01D85DD17C8F7120074C3CF /* MGTemplateStandardFilters.h in Headers */ = {isa = PBXBuildFile; fileRef = C9D870130DE1FD2700F0B62A /* MGTemplateStandardFilters.h */; };
		C01D85DE17C8F7120074C3CF /* MGTemplateStandardFilters.m in Sources */ = {isa = PBXBuildFile; fileRef = C9D870140DE1FD2700F0B62A /* MGTemplateStandardFilters.m */; };
		C06BD68917B9E7DA004CB1F8 /* Foundation.framework in Frameworks */ = {isa = PBXBuildFile; fileRef = C06BD68817B9E7DA004CB1F8 /* Foundation.framework */; };
		C06BD69717B9E7DA004CB1F8 /* XCTest.framework in Frameworks */ = {isa = PBXBuildFile; fileRef = C06BD69617B9E7DA004CB1F8 /* XCTest.framework */; };
		C06BD69817B9E7DA004CB1F8 /* Foundation.framework in Frameworks */ = {isa = PBXBuildFile; fileRef = C06BD68817B9E7DA004CB1F8 /* Foundation.framework */; };
		C06BD69A17B9E7DA004CB1F8 /* UIKit.framework in Frameworks */ = {isa = PBXBuildFile; fileRef = C06BD69917B9E7DA004CB1F8 /* UIKit.framework */; };
		C06BD69D17B9E7DA004CB1F8 /* libiTemplateEngine.a in Frameworks */ = {isa = PBXBuildFile; fileRef = C06BD68717B9E7DA004CB1F8 /* libiTemplateEngine.a */; };
		C06BD6A317B9E7DA004CB1F8 /* InfoPlist.strings in Resources */ = {isa = PBXBuildFile; fileRef = C06BD6A117B9E7DA004CB1F8 /* InfoPlist.strings */; };
		C06BD6A517B9E7DA004CB1F8 /* iTemplateEngineTests.m in Sources */ = {isa = PBXBuildFile; fileRef = C06BD6A417B9E7DA004CB1F8 /* iTemplateEngineTests.m */; };
		C06BD6AC17B9E7F0004CB1F8 /* MGTemplateEngine.m in Sources */ = {isa = PBXBuildFile; fileRef = C9D870100DE1FD2700F0B62A /* MGTemplateEngine.m */; };
		C06BD6AD17B9E7F3004CB1F8 /* MGTemplateStandardMarkers.m in Sources */ = {isa = PBXBuildFile; fileRef = C9D870160DE1FD2700F0B62A /* MGTemplateStandardMarkers.m */; };
		C06BD6AE17B9E827004CB1F8 /* MGTemplateStandardFilters.m in Sources */ = {isa = PBXBuildFile; fileRef = C9D870140DE1FD2700F0B62A /* MGTemplateStandardFilters.m */; };
		C06BD6AF17B9E836004CB1F8 /* ICUTemplateMatcher.m in Sources */ = {isa = PBXBuildFile; fileRef = C9D8701E0DE1FD5C00F0B62A /* ICUTemplateMatcher.m */; };
		C06BD6B017B9E840004CB1F8 /* RegexKitLite.m in Sources */ = {isa = PBXBuildFile; fileRef = C9D870280DE1FF9800F0B62A /* RegexKitLite.m */; };
		C9ABE0C40DE2EBF8009E7BC8 /* Writing Filters.txt in Resources */ = {isa = PBXBuildFile; fileRef = C9ABE0C10DE2EBF8009E7BC8 /* Writing Filters.txt */; };
		C9ABE0C50DE2EBF8009E7BC8 /* Writing Markers.txt in Resources */ = {isa = PBXBuildFile; fileRef = C9ABE0C20DE2EBF8009E7BC8 /* Writing Markers.txt */; };
		C9ABE0C60DE2EBF8009E7BC8 /* Writing Matchers.txt in Resources */ = {isa = PBXBuildFile; fileRef = C9ABE0C30DE2EBF8009E7BC8 /* Writing Matchers.txt */; };
		C9D8700E0DE1FCFA00F0B62A /* AppController.m in Sources */ = {isa = PBXBuildFile; fileRef = C9D8700D0DE1FCFA00F0B62A /* AppController.m */; };
		C9D870170DE1FD2700F0B62A /* MGTemplateEngine.m in Sources */ = {isa = PBXBuildFile; fileRef = C9D870100DE1FD2700F0B62A /* MGTemplateEngine.m */; };
		C9D870180DE1FD2700F0B62A /* MGTemplateStandardFilters.m in Sources */ = {isa = PBXBuildFile; fileRef = C9D870140DE1FD2700F0B62A /* MGTemplateStandardFilters.m */; };
		C9D870190DE1FD2700F0B62A /* MGTemplateStandardMarkers.m in Sources */ = {isa = PBXBuildFile; fileRef = C9D870160DE1FD2700F0B62A /* MGTemplateStandardMarkers.m */; };
		C9D8701F0DE1FD5C00F0B62A /* ICUTemplateMatcher.m in Sources */ = {isa = PBXBuildFile; fileRef = C9D8701E0DE1FD5C00F0B62A /* ICUTemplateMatcher.m */; };
		C9D870290DE1FF9800F0B62A /* RegexKitLite.m in Sources */ = {isa = PBXBuildFile; fileRef = C9D870280DE1FF9800F0B62A /* RegexKitLite.m */; };
		C9D8704A0DE2007C00F0B62A /* libicucore.dylib in Frameworks */ = {isa = PBXBuildFile; fileRef = C9D870490DE2007C00F0B62A /* libicucore.dylib */; };
		C9D870610DE2094000F0B62A /* NSArray_DeepMutableCopy.m in Sources */ = {isa = PBXBuildFile; fileRef = C9D8705E0DE2094000F0B62A /* NSArray_DeepMutableCopy.m */; };
		C9D870620DE2094000F0B62A /* NSDictionary_DeepMutableCopy.m in Sources */ = {isa = PBXBuildFile; fileRef = C9D870600DE2094000F0B62A /* NSDictionary_DeepMutableCopy.m */; };
		C9D870E20DE20D9D00F0B62A /* sample_template.txt in Resources */ = {isa = PBXBuildFile; fileRef = C9D870E10DE20D9D00F0B62A /* sample_template.txt */; };
		C9D871840DE21DBE00F0B62A /* Source Code License.rtf in Resources */ = {isa = PBXBuildFile; fileRef = C9D871830DE21DBE00F0B62A /* Source Code License.rtf */; };
/* End PBXBuildFile section */

/* Begin PBXContainerItemProxy section */
		C01D85C617C8F6F50074C3CF /* PBXContainerItemProxy */ = {
			isa = PBXContainerItemProxy;
			containerPortal = 29B97313FDCFA39411CA2CEA /* Project object */;
			proxyType = 1;
			remoteGlobalIDString = C01D85B517C8F6F50074C3CF;
			remoteInfo = TemplateEngine;
		};
		C06BD69B17B9E7DA004CB1F8 /* PBXContainerItemProxy */ = {
			isa = PBXContainerItemProxy;
			containerPortal = 29B97313FDCFA39411CA2CEA /* Project object */;
			proxyType = 1;
			remoteGlobalIDString = C06BD68617B9E7DA004CB1F8;
			remoteInfo = iTemplateEngine;
		};
/* End PBXContainerItemProxy section */

/* Begin PBXCopyFilesBuildPhase section */
		C06BD68517B9E7DA004CB1F8 /* CopyFiles */ = {
			isa = PBXCopyFilesBuildPhase;
			buildActionMask = 2147483647;
			dstPath = "include/$(PRODUCT_NAME)";
			dstSubfolderSpec = 16;
			files = (
			);
			runOnlyForDeploymentPostprocessing = 0;
		};
/* End PBXCopyFilesBuildPhase section */

/* Begin PBXFileReference section */
		089C165DFE840E0CC02AAC07 /* English */ = {isa = PBXFileReference; fileEncoding = 10; lastKnownFileType = text.plist.strings; name = English; path = English.lproj/InfoPlist.strings; sourceTree = "<group>"; };
		1058C7A1FEA54F0111CA2CBB /* Cocoa.framework */ = {isa = PBXFileReference; lastKnownFileType = wrapper.framework; name = Cocoa.framework; path = /System/Library/Frameworks/Cocoa.framework; sourceTree = "<absolute>"; };
		13E42FB307B3F0F600E4EEF1 /* CoreData.framework */ = {isa = PBXFileReference; lastKnownFileType = wrapper.framework; name = CoreData.framework; path = /System/Library/Frameworks/CoreData.framework; sourceTree = "<absolute>"; };
		1DDD58150DA1D0A300B32029 /* English */ = {isa = PBXFileReference; lastKnownFileType = file.xib; name = English; path = English.lproj/MainMenu.xib; sourceTree = "<group>"; };
		29B97316FDCFA39411CA2CEA /* main.m */ = {isa = PBXFileReference; fileEncoding = 4; lastKnownFileType = sourcecode.c.objc; path = main.m; sourceTree = "<group>"; };
		29B97324FDCFA39411CA2CEA /* AppKit.framework */ = {isa = PBXFileReference; lastKnownFileType = wrapper.framework; name = AppKit.framework; path = /System/Library/Frameworks/AppKit.framework; sourceTree = "<absolute>"; };
		29B97325FDCFA39411CA2CEA /* Foundation.framework */ = {isa = PBXFileReference; lastKnownFileType = wrapper.framework; name = Foundation.framework; path = /System/Library/Frameworks/Foundation.framework; sourceTree = "<absolute>"; };
		32CA4F630368D1EE00C91783 /* MGTemplateEngine_Prefix.pch */ = {isa = PBXFileReference; fileEncoding = 4; lastKnownFileType = sourcecode.c.h; path = MGTemplateEngine_Prefix.pch; sourceTree = "<group>"; };
		8D1107310486CEB800E47090 /* Info.plist */ = {isa = PBXFileReference; fileEncoding = 4; lastKnownFileType = text.plist.xml; path = Info.plist; sourceTree = "<group>"; };
		8D1107320486CEB800E47090 /* MGTemplateEngine.app */ = {isa = PBXFileReference; explicitFileType = wrapper.application; includeInIndex = 0; path = MGTemplateEngine.app; sourceTree = BUILT_PRODUCTS_DIR; };
		C00232FB189929380073766D /* StoreKit.framework */ = {isa = PBXFileReference; lastKnownFileType = wrapper.framework; name = StoreKit.framework; path = System/Library/Frameworks/StoreKit.framework; sourceTree = SDKROOT; };
		C01D85B617C8F6F50074C3CF /* libTemplateEngine.a */ = {isa = PBXFileReference; explicitFileType = archive.ar; includeInIndex = 0; path = libTemplateEngine.a; sourceTree = BUILT_PRODUCTS_DIR; };
		C01D85B717C8F6F50074C3CF /* Cocoa.framework */ = {isa = PBXFileReference; lastKnownFileType = wrapper.framework; name = Cocoa.framework; path = Library/Frameworks/Cocoa.framework; sourceTree = DEVELOPER_DIR; };
		C01D85BB17C8F6F50074C3CF /* TemplateEngine-Prefix.pch */ = {isa = PBXFileReference; lastKnownFileType = sourcecode.c.h; path = "TemplateEngine-Prefix.pch"; sourceTree = "<group>"; };
		C01D85BC17C8F6F50074C3CF /* TemplateEngine.h */ = {isa = PBXFileReference; lastKnownFileType = sourcecode.c.h; path = TemplateEngine.h; sourceTree = "<group>"; };
		C01D85BD17C8F6F50074C3CF /* TemplateEngine.m */ = {isa = PBXFileReference; lastKnownFileType = sourcecode.c.objc; path = TemplateEngine.m; sourceTree = "<group>"; };
		C01D85C317C8F6F50074C3CF /* TemplateEngineTests.xctest */ = {isa = PBXFileReference; explicitFileType = wrapper.cfbundle; includeInIndex = 0; path = TemplateEngineTests.xctest; sourceTree = BUILT_PRODUCTS_DIR; };
		C01D85CB17C8F6F60074C3CF /* TemplateEngineTests-Info.plist */ = {isa = PBXFileReference; lastKnownFileType = text.plist.xml; path = "TemplateEngineTests-Info.plist"; sourceTree = "<group>"; };
		C01D85CD17C8F6F60074C3CF /* en */ = {isa = PBXFileReference; lastKnownFileType = text.plist.strings; name = en; path = en.lproj/InfoPlist.strings; sourceTree = "<group>"; };
		C01D85CF17C8F6F60074C3CF /* TemplateEngineTests.m */ = {isa = PBXFileReference; lastKnownFileType = sourcecode.c.objc; path = TemplateEngineTests.m; sourceTree = "<group>"; };
		C06BD68717B9E7DA004CB1F8 /* libiTemplateEngine.a */ = {isa = PBXFileReference; explicitFileType = archive.ar; includeInIndex = 0; path = libiTemplateEngine.a; sourceTree = BUILT_PRODUCTS_DIR; };
		C06BD68817B9E7DA004CB1F8 /* Foundation.framework */ = {isa = PBXFileReference; lastKnownFileType = wrapper.framework; name = Foundation.framework; path = Library/Frameworks/Foundation.framework; sourceTree = DEVELOPER_DIR; };
		C06BD68C17B9E7DA004CB1F8 /* iTemplateEngine-Prefix.pch */ = {isa = PBXFileReference; lastKnownFileType = sourcecode.c.h; path = "iTemplateEngine-Prefix.pch"; sourceTree = "<group>"; };
		C06BD69517B9E7DA004CB1F8 /* iTemplateEngineTests.xctest */ = {isa = PBXFileReference; explicitFileType = wrapper.cfbundle; includeInIndex = 0; path = iTemplateEngineTests.xctest; sourceTree = BUILT_PRODUCTS_DIR; };
		C06BD69617B9E7DA004CB1F8 /* XCTest.framework */ = {isa = PBXFileReference; lastKnownFileType = wrapper.framework; name = XCTest.framework; path = Library/Frameworks/XCTest.framework; sourceTree = DEVELOPER_DIR; };
		C06BD69917B9E7DA004CB1F8 /* UIKit.framework */ = {isa = PBXFileReference; lastKnownFileType = wrapper.framework; name = UIKit.framework; path = Library/Frameworks/UIKit.framework; sourceTree = DEVELOPER_DIR; };
		C06BD6A017B9E7DA004CB1F8 /* iTemplateEngineTests-Info.plist */ = {isa = PBXFileReference; lastKnownFileType = text.plist.xml; path = "iTemplateEngineTests-Info.plist"; sourceTree = "<group>"; };
		C06BD6A217B9E7DA004CB1F8 /* en */ = {isa = PBXFileReference; lastKnownFileType = text.plist.strings; name = en; path = en.lproj/InfoPlist.strings; sourceTree = "<group>"; };
		C06BD6A417B9E7DA004CB1F8 /* iTemplateEngineTests.m */ = {isa = PBXFileReference; lastKnownFileType = sourcecode.c.objc; path = iTemplateEngineTests.m; sourceTree = "<group>"; };
		C9ABE0C10DE2EBF8009E7BC8 /* Writing Filters.txt */ = {isa = PBXFileReference; fileEncoding = 4; lastKnownFileType = text; path = "Writing Filters.txt"; sourceTree = "<group>"; };
		C9ABE0C20DE2EBF8009E7BC8 /* Writing Markers.txt */ = {isa = PBXFileReference; fileEncoding = 4; lastKnownFileType = text; path = "Writing Markers.txt"; sourceTree = "<group>"; };
		C9ABE0C30DE2EBF8009E7BC8 /* Writing Matchers.txt */ = {isa = PBXFileReference; fileEncoding = 4; lastKnownFileType = text; path = "Writing Matchers.txt"; sourceTree = "<group>"; };
		C9D8700C0DE1FCFA00F0B62A /* AppController.h */ = {isa = PBXFileReference; fileEncoding = 4; lastKnownFileType = sourcecode.c.h; path = AppController.h; sourceTree = "<group>"; };
		C9D8700D0DE1FCFA00F0B62A /* AppController.m */ = {isa = PBXFileReference; fileEncoding = 4; lastKnownFileType = sourcecode.c.objc; path = AppController.m; sourceTree = "<group>"; };
		C9D8700F0DE1FD2700F0B62A /* MGTemplateEngine.h */ = {isa = PBXFileReference; fileEncoding = 4; lastKnownFileType = sourcecode.c.h; path = MGTemplateEngine.h; sourceTree = "<group>"; };
		C9D870100DE1FD2700F0B62A /* MGTemplateEngine.m */ = {isa = PBXFileReference; fileEncoding = 4; lastKnownFileType = sourcecode.c.objc; path = MGTemplateEngine.m; sourceTree = "<group>"; };
		C9D870110DE1FD2700F0B62A /* MGTemplateFilter.h */ = {isa = PBXFileReference; fileEncoding = 4; lastKnownFileType = sourcecode.c.h; path = MGTemplateFilter.h; sourceTree = "<group>"; };
		C9D870120DE1FD2700F0B62A /* MGTemplateMarker.h */ = {isa = PBXFileReference; fileEncoding = 4; lastKnownFileType = sourcecode.c.h; path = MGTemplateMarker.h; sourceTree = "<group>"; };
		C9D870130DE1FD2700F0B62A /* MGTemplateStandardFilters.h */ = {isa = PBXFileReference; fileEncoding = 4; lastKnownFileType = sourcecode.c.h; path = MGTemplateStandardFilters.h; sourceTree = "<group>"; };
		C9D870140DE1FD2700F0B62A /* MGTemplateStandardFilters.m */ = {isa = PBXFileReference; fileEncoding = 4; lastKnownFileType = sourcecode.c.objc; path = MGTemplateStandardFilters.m; sourceTree = "<group>"; };
		C9D870150DE1FD2700F0B62A /* MGTemplateStandardMarkers.h */ = {isa = PBXFileReference; fileEncoding = 4; lastKnownFileType = sourcecode.c.h; path = MGTemplateStandardMarkers.h; sourceTree = "<group>"; };
		C9D870160DE1FD2700F0B62A /* MGTemplateStandardMarkers.m */ = {isa = PBXFileReference; fileEncoding = 4; lastKnownFileType = sourcecode.c.objc; path = MGTemplateStandardMarkers.m; sourceTree = "<group>"; };
		C9D8701A0DE1FD4000F0B62A /* RegexKitTemplateMatcher.h */ = {isa = PBXFileReference; fileEncoding = 4; lastKnownFileType = sourcecode.c.h; path = RegexKitTemplateMatcher.h; sourceTree = "<group>"; };
		C9D8701B0DE1FD4000F0B62A /* RegexKitTemplateMatcher.m */ = {isa = PBXFileReference; fileEncoding = 4; lastKnownFileType = sourcecode.c.objc; path = RegexKitTemplateMatcher.m; sourceTree = "<group>"; };
		C9D8701D0DE1FD5C00F0B62A /* ICUTemplateMatcher.h */ = {isa = PBXFileReference; fileEncoding = 4; lastKnownFileType = sourcecode.c.h; path = ICUTemplateMatcher.h; sourceTree = "<group>"; };
		C9D8701E0DE1FD5C00F0B62A /* ICUTemplateMatcher.m */ = {isa = PBXFileReference; fileEncoding = 4; lastKnownFileType = sourcecode.c.objc; path = ICUTemplateMatcher.m; sourceTree = "<group>"; };
		C9D870270DE1FF9800F0B62A /* RegexKitLite.h */ = {isa = PBXFileReference; fileEncoding = 4; lastKnownFileType = sourcecode.c.h; path = RegexKitLite.h; sourceTree = "<group>"; };
		C9D870280DE1FF9800F0B62A /* RegexKitLite.m */ = {isa = PBXFileReference; fileEncoding = 4; lastKnownFileType = sourcecode.c.objc; path = RegexKitLite.m; sourceTree = "<group>"; };
		C9D870490DE2007C00F0B62A /* libicucore.dylib */ = {isa = PBXFileReference; lastKnownFileType = "compiled.mach-o.dylib"; name = libicucore.dylib; path = usr/lib/libicucore.dylib; sourceTree = SDKROOT; };
		C9D8705D0DE2094000F0B62A /* NSArray_DeepMutableCopy.h */ = {isa = PBXFileReference; fileEncoding = 4; lastKnownFileType = sourcecode.c.h; path = NSArray_DeepMutableCopy.h; sourceTree = "<group>"; };
		C9D8705E0DE2094000F0B62A /* NSArray_DeepMutableCopy.m */ = {isa = PBXFileReference; fileEncoding = 4; lastKnownFileType = sourcecode.c.objc; path = NSArray_DeepMutableCopy.m; sourceTree = "<group>"; };
		C9D8705F0DE2094000F0B62A /* NSDictionary_DeepMutableCopy.h */ = {isa = PBXFileReference; fileEncoding = 4; lastKnownFileType = sourcecode.c.h; path = NSDictionary_DeepMutableCopy.h; sourceTree = "<group>"; };
		C9D870600DE2094000F0B62A /* NSDictionary_DeepMutableCopy.m */ = {isa = PBXFileReference; fileEncoding = 4; lastKnownFileType = sourcecode.c.objc; path = NSDictionary_DeepMutableCopy.m; sourceTree = "<group>"; };
		C9D870E10DE20D9D00F0B62A /* sample_template.txt */ = {isa = PBXFileReference; fileEncoding = 4; lastKnownFileType = text; path = sample_template.txt; sourceTree = "<group>"; };
		C9D871540DE21B2E00F0B62A /* MGTemplateEngine README.txt */ = {isa = PBXFileReference; fileEncoding = 4; lastKnownFileType = text; path = "MGTemplateEngine README.txt"; sourceTree = "<group>"; };
		C9D871830DE21DBE00F0B62A /* Source Code License.rtf */ = {isa = PBXFileReference; lastKnownFileType = text.rtf; path = "Source Code License.rtf"; sourceTree = "<group>"; };
		C9D9142F0DE36747005CC08F /* DeepMutableCopy.h */ = {isa = PBXFileReference; fileEncoding = 4; lastKnownFileType = sourcecode.c.h; path = DeepMutableCopy.h; sourceTree = "<group>"; };
/* End PBXFileReference section */

/* Begin PBXFrameworksBuildPhase section */
		8D11072E0486CEB800E47090 /* Frameworks */ = {
			isa = PBXFrameworksBuildPhase;
			buildActionMask = 2147483647;
			files = (
				8D11072F0486CEB800E47090 /* Cocoa.framework in Frameworks */,
				C9D8704A0DE2007C00F0B62A /* libicucore.dylib in Frameworks */,
			);
			runOnlyForDeploymentPostprocessing = 0;
		};
		C01D85B317C8F6F50074C3CF /* Frameworks */ = {
			isa = PBXFrameworksBuildPhase;
			buildActionMask = 2147483647;
			files = (
				C01D85B817C8F6F50074C3CF /* Cocoa.framework in Frameworks */,
			);
			runOnlyForDeploymentPostprocessing = 0;
		};
		C01D85C017C8F6F50074C3CF /* Frameworks */ = {
			isa = PBXFrameworksBuildPhase;
			buildActionMask = 2147483647;
			files = (
				C01D85C817C8F6F50074C3CF /* libTemplateEngine.a in Frameworks */,
				C01D85C517C8F6F50074C3CF /* Cocoa.framework in Frameworks */,
				C01D85C417C8F6F50074C3CF /* XCTest.framework in Frameworks */,
			);
			runOnlyForDeploymentPostprocessing = 0;
		};
		C06BD68417B9E7DA004CB1F8 /* Frameworks */ = {
			isa = PBXFrameworksBuildPhase;
			buildActionMask = 2147483647;
			files = (
				C06BD68917B9E7DA004CB1F8 /* Foundation.framework in Frameworks */,
			);
			runOnlyForDeploymentPostprocessing = 0;
		};
		C06BD69217B9E7DA004CB1F8 /* Frameworks */ = {
			isa = PBXFrameworksBuildPhase;
			buildActionMask = 2147483647;
			files = (
				C06BD69717B9E7DA004CB1F8 /* XCTest.framework in Frameworks */,
				C06BD69D17B9E7DA004CB1F8 /* libiTemplateEngine.a in Frameworks */,
				C06BD69A17B9E7DA004CB1F8 /* UIKit.framework in Frameworks */,
				C06BD69817B9E7DA004CB1F8 /* Foundation.framework in Frameworks */,
			);
			runOnlyForDeploymentPostprocessing = 0;
		};
/* End PBXFrameworksBuildPhase section */

/* Begin PBXGroup section */
		080E96DDFE201D6D7F000001 /* Classes */ = {
			isa = PBXGroup;
			children = (
				C9D8700C0DE1FCFA00F0B62A /* AppController.h */,
				C9D8700D0DE1FCFA00F0B62A /* AppController.m */,
				C9D870E10DE20D9D00F0B62A /* sample_template.txt */,
				C9D870090DE1FCED00F0B62A /* MGTemplateEngine */,
			);
			name = Classes;
			sourceTree = "<group>";
		};
		1058C7A0FEA54F0111CA2CBB /* Linked Frameworks */ = {
			isa = PBXGroup;
			children = (
				C9D870490DE2007C00F0B62A /* libicucore.dylib */,
				1058C7A1FEA54F0111CA2CBB /* Cocoa.framework */,
			);
			name = "Linked Frameworks";
			sourceTree = "<group>";
		};
		1058C7A2FEA54F0111CA2CBB /* Other Frameworks */ = {
			isa = PBXGroup;
			children = (
				29B97324FDCFA39411CA2CEA /* AppKit.framework */,
				13E42FB307B3F0F600E4EEF1 /* CoreData.framework */,
				29B97325FDCFA39411CA2CEA /* Foundation.framework */,
			);
			name = "Other Frameworks";
			sourceTree = "<group>";
		};
		19C28FACFE9D520D11CA2CBB /* Products */ = {
			isa = PBXGroup;
			children = (
				8D1107320486CEB800E47090 /* MGTemplateEngine.app */,
				C06BD68717B9E7DA004CB1F8 /* libiTemplateEngine.a */,
				C06BD69517B9E7DA004CB1F8 /* iTemplateEngineTests.xctest */,
				C01D85B617C8F6F50074C3CF /* libTemplateEngine.a */,
				C01D85C317C8F6F50074C3CF /* TemplateEngineTests.xctest */,
			);
			name = Products;
			sourceTree = "<group>";
		};
		29B97314FDCFA39411CA2CEA /* MGTemplateEngine */ = {
			isa = PBXGroup;
			children = (
				C9D871540DE21B2E00F0B62A /* MGTemplateEngine README.txt */,
				C9D871830DE21DBE00F0B62A /* Source Code License.rtf */,
				C9ABE0BF0DE2EBE3009E7BC8 /* Extensibility Docs */,
				080E96DDFE201D6D7F000001 /* Classes */,
				29B97315FDCFA39411CA2CEA /* Other Sources */,
				29B97317FDCFA39411CA2CEA /* Resources */,
				C06BD68A17B9E7DA004CB1F8 /* iTemplateEngine */,
				C06BD69E17B9E7DA004CB1F8 /* iTemplateEngineTests */,
				C01D85B917C8F6F50074C3CF /* TemplateEngine */,
				C01D85C917C8F6F50074C3CF /* TemplateEngineTests */,
				29B97323FDCFA39411CA2CEA /* Frameworks */,
				19C28FACFE9D520D11CA2CBB /* Products */,
			);
			name = MGTemplateEngine;
			sourceTree = "<group>";
		};
		29B97315FDCFA39411CA2CEA /* Other Sources */ = {
			isa = PBXGroup;
			children = (
				32CA4F630368D1EE00C91783 /* MGTemplateEngine_Prefix.pch */,
				29B97316FDCFA39411CA2CEA /* main.m */,
			);
			name = "Other Sources";
			sourceTree = "<group>";
		};
		29B97317FDCFA39411CA2CEA /* Resources */ = {
			isa = PBXGroup;
			children = (
				8D1107310486CEB800E47090 /* Info.plist */,
				089C165CFE840E0CC02AAC07 /* InfoPlist.strings */,
				1DDD58140DA1D0A300B32029 /* MainMenu.xib */,
			);
			name = Resources;
			sourceTree = "<group>";
		};
		29B97323FDCFA39411CA2CEA /* Frameworks */ = {
			isa = PBXGroup;
			children = (
				C00232FB189929380073766D /* StoreKit.framework */,
				1058C7A0FEA54F0111CA2CBB /* Linked Frameworks */,
				C06BD68817B9E7DA004CB1F8 /* Foundation.framework */,
				C06BD69617B9E7DA004CB1F8 /* XCTest.framework */,
				C06BD69917B9E7DA004CB1F8 /* UIKit.framework */,
				C01D85B717C8F6F50074C3CF /* Cocoa.framework */,
				1058C7A2FEA54F0111CA2CBB /* Other Frameworks */,
			);
			name = Frameworks;
			sourceTree = "<group>";
		};
		C01D85B917C8F6F50074C3CF /* TemplateEngine */ = {
			isa = PBXGroup;
			children = (
				C01D85BC17C8F6F50074C3CF /* TemplateEngine.h */,
				C01D85BD17C8F6F50074C3CF /* TemplateEngine.m */,
				C01D85BA17C8F6F50074C3CF /* Supporting Files */,
			);
			path = TemplateEngine;
			sourceTree = "<group>";
		};
		C01D85BA17C8F6F50074C3CF /* Supporting Files */ = {
			isa = PBXGroup;
			children = (
				C01D85BB17C8F6F50074C3CF /* TemplateEngine-Prefix.pch */,
			);
			name = "Supporting Files";
			sourceTree = "<group>";
		};
		C01D85C917C8F6F50074C3CF /* TemplateEngineTests */ = {
			isa = PBXGroup;
			children = (
				C01D85CF17C8F6F60074C3CF /* TemplateEngineTests.m */,
				C01D85CA17C8F6F60074C3CF /* Supporting Files */,
			);
			path = TemplateEngineTests;
			sourceTree = "<group>";
		};
		C01D85CA17C8F6F60074C3CF /* Supporting Files */ = {
			isa = PBXGroup;
			children = (
				C01D85CB17C8F6F60074C3CF /* TemplateEngineTests-Info.plist */,
				C01D85CC17C8F6F60074C3CF /* InfoPlist.strings */,
			);
			name = "Supporting Files";
			sourceTree = "<group>";
		};
		C06BD68A17B9E7DA004CB1F8 /* iTemplateEngine */ = {
			isa = PBXGroup;
			children = (
				C06BD68B17B9E7DA004CB1F8 /* Supporting Files */,
			);
			path = iTemplateEngine;
			sourceTree = "<group>";
		};
		C06BD68B17B9E7DA004CB1F8 /* Supporting Files */ = {
			isa = PBXGroup;
			children = (
				C06BD68C17B9E7DA004CB1F8 /* iTemplateEngine-Prefix.pch */,
			);
			name = "Supporting Files";
			sourceTree = "<group>";
		};
		C06BD69E17B9E7DA004CB1F8 /* iTemplateEngineTests */ = {
			isa = PBXGroup;
			children = (
				C06BD6A417B9E7DA004CB1F8 /* iTemplateEngineTests.m */,
				C06BD69F17B9E7DA004CB1F8 /* Supporting Files */,
			);
			path = iTemplateEngineTests;
			sourceTree = "<group>";
		};
		C06BD69F17B9E7DA004CB1F8 /* Supporting Files */ = {
			isa = PBXGroup;
			children = (
				C06BD6A017B9E7DA004CB1F8 /* iTemplateEngineTests-Info.plist */,
				C06BD6A117B9E7DA004CB1F8 /* InfoPlist.strings */,
			);
			name = "Supporting Files";
			sourceTree = "<group>";
		};
		C9ABE0BF0DE2EBE3009E7BC8 /* Extensibility Docs */ = {
			isa = PBXGroup;
			children = (
				C9ABE0C10DE2EBF8009E7BC8 /* Writing Filters.txt */,
				C9ABE0C20DE2EBF8009E7BC8 /* Writing Markers.txt */,
				C9ABE0C30DE2EBF8009E7BC8 /* Writing Matchers.txt */,
			);
			name = "Extensibility Docs";
			sourceTree = "<group>";
		};
		C9D870090DE1FCED00F0B62A /* MGTemplateEngine */ = {
			isa = PBXGroup;
			children = (
				C9D8700F0DE1FD2700F0B62A /* MGTemplateEngine.h */,
				C9D870100DE1FD2700F0B62A /* MGTemplateEngine.m */,
				C9D870120DE1FD2700F0B62A /* MGTemplateMarker.h */,
				C9D870110DE1FD2700F0B62A /* MGTemplateFilter.h */,
				C9D870150DE1FD2700F0B62A /* MGTemplateStandardMarkers.h */,
				C9D870160DE1FD2700F0B62A /* MGTemplateStandardMarkers.m */,
				C9D870130DE1FD2700F0B62A /* MGTemplateStandardFilters.h */,
				C9D870140DE1FD2700F0B62A /* MGTemplateStandardFilters.m */,
				C9D870A40DE20C3300F0B62A /* Matchers */,
				C9D870A30DE20C1200F0B62A /* DeepMutableCopy */,
			);
			name = MGTemplateEngine;
			sourceTree = "<group>";
		};
		C9D870A30DE20C1200F0B62A /* DeepMutableCopy */ = {
			isa = PBXGroup;
			children = (
				C9D9142F0DE36747005CC08F /* DeepMutableCopy.h */,
				C9D8705D0DE2094000F0B62A /* NSArray_DeepMutableCopy.h */,
				C9D8705E0DE2094000F0B62A /* NSArray_DeepMutableCopy.m */,
				C9D8705F0DE2094000F0B62A /* NSDictionary_DeepMutableCopy.h */,
				C9D870600DE2094000F0B62A /* NSDictionary_DeepMutableCopy.m */,
			);
			name = DeepMutableCopy;
			sourceTree = "<group>";
		};
		C9D870A40DE20C3300F0B62A /* Matchers */ = {
			isa = PBXGroup;
			children = (
				C9D870A50DE20C3F00F0B62A /* RegexKitLite */,
				C9D870A60DE20C4600F0B62A /* RegexKit */,
			);
			name = Matchers;
			sourceTree = "<group>";
		};
		C9D870A50DE20C3F00F0B62A /* RegexKitLite */ = {
			isa = PBXGroup;
			children = (
				C9D8701D0DE1FD5C00F0B62A /* ICUTemplateMatcher.h */,
				C9D8701E0DE1FD5C00F0B62A /* ICUTemplateMatcher.m */,
				C9D870270DE1FF9800F0B62A /* RegexKitLite.h */,
				C9D870280DE1FF9800F0B62A /* RegexKitLite.m */,
			);
			name = RegexKitLite;
			sourceTree = "<group>";
		};
		C9D870A60DE20C4600F0B62A /* RegexKit */ = {
			isa = PBXGroup;
			children = (
				C9D8701A0DE1FD4000F0B62A /* RegexKitTemplateMatcher.h */,
				C9D8701B0DE1FD4000F0B62A /* RegexKitTemplateMatcher.m */,
			);
			name = RegexKit;
			sourceTree = "<group>";
		};
/* End PBXGroup section */

/* Begin PBXHeadersBuildPhase section */
		C01D85B417C8F6F50074C3CF /* Headers */ = {
			isa = PBXHeadersBuildPhase;
			buildActionMask = 2147483647;
			files = (
				C01D85DA17C8F7120074C3CF /* MGTemplateFilter.h in Headers */,
				C01D85D817C8F7120074C3CF /* MGTemplateEngine.h in Headers */,
				C01D85D917C8F7120074C3CF /* MGTemplateMarker.h in Headers */,
				C01D85DD17C8F7120074C3CF /* MGTemplateStandardFilters.h in Headers */,
				C01D85DB17C8F7120074C3CF /* MGTemplateStandardMarkers.h in Headers */,
			);
			runOnlyForDeploymentPostprocessing = 0;
		};
/* End PBXHeadersBuildPhase section */

/* Begin PBXNativeTarget section */
		8D1107260486CEB800E47090 /* MGTemplateEngine */ = {
			isa = PBXNativeTarget;
			buildConfigurationList = C01FCF4A08A954540054247B /* Build configuration list for PBXNativeTarget "MGTemplateEngine" */;
			buildPhases = (
				8D1107290486CEB800E47090 /* Resources */,
				8D11072C0486CEB800E47090 /* Sources */,
				8D11072E0486CEB800E47090 /* Frameworks */,
			);
			buildRules = (
			);
			dependencies = (
			);
			name = MGTemplateEngine;
			productInstallPath = "$(HOME)/Applications";
			productName = MGTemplateEngine;
			productReference = 8D1107320486CEB800E47090 /* MGTemplateEngine.app */;
			productType = "com.apple.product-type.application";
		};
		C01D85B517C8F6F50074C3CF /* TemplateEngine */ = {
			isa = PBXNativeTarget;
			buildConfigurationList = C01D85D517C8F6F60074C3CF /* Build configuration list for PBXNativeTarget "TemplateEngine" */;
			buildPhases = (
				C01D85B217C8F6F50074C3CF /* Sources */,
				C01D85B317C8F6F50074C3CF /* Frameworks */,
				C01D85B417C8F6F50074C3CF /* Headers */,
			);
			buildRules = (
			);
			dependencies = (
			);
			name = TemplateEngine;
			productName = TemplateEngine;
			productReference = C01D85B617C8F6F50074C3CF /* libTemplateEngine.a */;
			productType = "com.apple.product-type.library.static";
		};
		C01D85C217C8F6F50074C3CF /* TemplateEngineTests */ = {
			isa = PBXNativeTarget;
			buildConfigurationList = C01D85D617C8F6F60074C3CF /* Build configuration list for PBXNativeTarget "TemplateEngineTests" */;
			buildPhases = (
				C01D85BF17C8F6F50074C3CF /* Sources */,
				C01D85C017C8F6F50074C3CF /* Frameworks */,
				C01D85C117C8F6F50074C3CF /* Resources */,
			);
			buildRules = (
			);
			dependencies = (
				C01D85C717C8F6F50074C3CF /* PBXTargetDependency */,
			);
			name = TemplateEngineTests;
			productName = TemplateEngineTests;
			productReference = C01D85C317C8F6F50074C3CF /* TemplateEngineTests.xctest */;
			productType = "com.apple.product-type.bundle.unit-test";
		};
		C06BD68617B9E7DA004CB1F8 /* iTemplateEngine */ = {
			isa = PBXNativeTarget;
			buildConfigurationList = C06BD6AA17B9E7DA004CB1F8 /* Build configuration list for PBXNativeTarget "iTemplateEngine" */;
			buildPhases = (
				C06BD68317B9E7DA004CB1F8 /* Sources */,
				C06BD68417B9E7DA004CB1F8 /* Frameworks */,
				C06BD68517B9E7DA004CB1F8 /* CopyFiles */,
			);
			buildRules = (
			);
			dependencies = (
			);
			name = iTemplateEngine;
			productName = iTemplateEngine;
			productReference = C06BD68717B9E7DA004CB1F8 /* libiTemplateEngine.a */;
			productType = "com.apple.product-type.library.static";
		};
		C06BD69417B9E7DA004CB1F8 /* iTemplateEngineTests */ = {
			isa = PBXNativeTarget;
			buildConfigurationList = C06BD6AB17B9E7DA004CB1F8 /* Build configuration list for PBXNativeTarget "iTemplateEngineTests" */;
			buildPhases = (
				C06BD69117B9E7DA004CB1F8 /* Sources */,
				C06BD69217B9E7DA004CB1F8 /* Frameworks */,
				C06BD69317B9E7DA004CB1F8 /* Resources */,
			);
			buildRules = (
			);
			dependencies = (
				C06BD69C17B9E7DA004CB1F8 /* PBXTargetDependency */,
			);
			name = iTemplateEngineTests;
			productName = iTemplateEngineTests;
			productReference = C06BD69517B9E7DA004CB1F8 /* iTemplateEngineTests.xctest */;
			productType = "com.apple.product-type.bundle.unit-test";
		};
/* End PBXNativeTarget section */

/* Begin PBXProject section */
		29B97313FDCFA39411CA2CEA /* Project object */ = {
			isa = PBXProject;
			attributes = {
				LastUpgradeCheck = 0810;
				TargetAttributes = {
					C01D85C217C8F6F50074C3CF = {
						TestTargetID = 8D1107260486CEB800E47090;
					};
					C06BD69417B9E7DA004CB1F8 = {
						TestTargetID = 8D1107260486CEB800E47090;
					};
				};
			};
			buildConfigurationList = C01FCF4E08A954540054247B /* Build configuration list for PBXProject "MGTemplateEngine" */;
			compatibilityVersion = "Xcode 3.2";
			developmentRegion = English;
			hasScannedForEncodings = 1;
			knownRegions = (
				en,
			);
			mainGroup = 29B97314FDCFA39411CA2CEA /* MGTemplateEngine */;
			projectDirPath = "";
			projectRoot = "";
			targets = (
				8D1107260486CEB800E47090 /* MGTemplateEngine */,
				C06BD68617B9E7DA004CB1F8 /* iTemplateEngine */,
				C06BD69417B9E7DA004CB1F8 /* iTemplateEngineTests */,
				C01D85B517C8F6F50074C3CF /* TemplateEngine */,
				C01D85C217C8F6F50074C3CF /* TemplateEngineTests */,
			);
		};
/* End PBXProject section */

/* Begin PBXResourcesBuildPhase section */
		8D1107290486CEB800E47090 /* Resources */ = {
			isa = PBXResourcesBuildPhase;
			buildActionMask = 2147483647;
			files = (
				8D11072B0486CEB800E47090 /* InfoPlist.strings in Resources */,
				1DDD58160DA1D0A300B32029 /* MainMenu.xib in Resources */,
				C9D870E20DE20D9D00F0B62A /* sample_template.txt in Resources */,
				C9D871840DE21DBE00F0B62A /* Source Code License.rtf in Resources */,
				C9ABE0C40DE2EBF8009E7BC8 /* Writing Filters.txt in Resources */,
				C9ABE0C50DE2EBF8009E7BC8 /* Writing Markers.txt in Resources */,
				C9ABE0C60DE2EBF8009E7BC8 /* Writing Matchers.txt in Resources */,
			);
			runOnlyForDeploymentPostprocessing = 0;
		};
		C01D85C117C8F6F50074C3CF /* Resources */ = {
			isa = PBXResourcesBuildPhase;
			buildActionMask = 2147483647;
			files = (
				C01D85CE17C8F6F60074C3CF /* InfoPlist.strings in Resources */,
			);
			runOnlyForDeploymentPostprocessing = 0;
		};
		C06BD69317B9E7DA004CB1F8 /* Resources */ = {
			isa = PBXResourcesBuildPhase;
			buildActionMask = 2147483647;
			files = (
				C06BD6A317B9E7DA004CB1F8 /* InfoPlist.strings in Resources */,
			);
			runOnlyForDeploymentPostprocessing = 0;
		};
/* End PBXResourcesBuildPhase section */

/* Begin PBXSourcesBuildPhase section */
		8D11072C0486CEB800E47090 /* Sources */ = {
			isa = PBXSourcesBuildPhase;
			buildActionMask = 2147483647;
			files = (
				8D11072D0486CEB800E47090 /* main.m in Sources */,
				C9D8700E0DE1FCFA00F0B62A /* AppController.m in Sources */,
				C9D870170DE1FD2700F0B62A /* MGTemplateEngine.m in Sources */,
				C9D870180DE1FD2700F0B62A /* MGTemplateStandardFilters.m in Sources */,
				C9D870190DE1FD2700F0B62A /* MGTemplateStandardMarkers.m in Sources */,
				C9D8701F0DE1FD5C00F0B62A /* ICUTemplateMatcher.m in Sources */,
				C9D870290DE1FF9800F0B62A /* RegexKitLite.m in Sources */,
				C9D870610DE2094000F0B62A /* NSArray_DeepMutableCopy.m in Sources */,
				C9D870620DE2094000F0B62A /* NSDictionary_DeepMutableCopy.m in Sources */,
			);
			runOnlyForDeploymentPostprocessing = 0;
		};
		C01D85B217C8F6F50074C3CF /* Sources */ = {
			isa = PBXSourcesBuildPhase;
			buildActionMask = 2147483647;
			files = (
				C01B9DC817C924B200F16CA7 /* NSArray_DeepMutableCopy.m in Sources */,
				C01B9DC717C924AC00F16CA7 /* RegexKitLite.m in Sources */,
				C01B9DC917C924B700F16CA7 /* NSDictionary_DeepMutableCopy.m in Sources */,
				C01D85DE17C8F7120074C3CF /* MGTemplateStandardFilters.m in Sources */,
				C01D85BE17C8F6F50074C3CF /* TemplateEngine.m in Sources */,
				C01D85DC17C8F7120074C3CF /* MGTemplateStandardMarkers.m in Sources */,
				C01D85D717C8F70A0074C3CF /* MGTemplateEngine.m in Sources */,
				C01B9DC617C924A900F16CA7 /* ICUTemplateMatcher.m in Sources */,
			);
			runOnlyForDeploymentPostprocessing = 0;
		};
		C01D85BF17C8F6F50074C3CF /* Sources */ = {
			isa = PBXSourcesBuildPhase;
			buildActionMask = 2147483647;
			files = (
				C01D85D017C8F6F60074C3CF /* TemplateEngineTests.m in Sources */,
			);
			runOnlyForDeploymentPostprocessing = 0;
		};
		C06BD68317B9E7DA004CB1F8 /* Sources */ = {
			isa = PBXSourcesBuildPhase;
			buildActionMask = 2147483647;
			files = (
				C06BD6B017B9E840004CB1F8 /* RegexKitLite.m in Sources */,
				C06BD6AE17B9E827004CB1F8 /* MGTemplateStandardFilters.m in Sources */,
				C06BD6AD17B9E7F3004CB1F8 /* MGTemplateStandardMarkers.m in Sources */,
				C06BD6AC17B9E7F0004CB1F8 /* MGTemplateEngine.m in Sources */,
				C06BD6AF17B9E836004CB1F8 /* ICUTemplateMatcher.m in Sources */,
			);
			runOnlyForDeploymentPostprocessing = 0;
		};
		C06BD69117B9E7DA004CB1F8 /* Sources */ = {
			isa = PBXSourcesBuildPhase;
			buildActionMask = 2147483647;
			files = (
				C06BD6A517B9E7DA004CB1F8 /* iTemplateEngineTests.m in Sources */,
			);
			runOnlyForDeploymentPostprocessing = 0;
		};
/* End PBXSourcesBuildPhase section */

/* Begin PBXTargetDependency section */
		C01D85C717C8F6F50074C3CF /* PBXTargetDependency */ = {
			isa = PBXTargetDependency;
			target = C01D85B517C8F6F50074C3CF /* TemplateEngine */;
			targetProxy = C01D85C617C8F6F50074C3CF /* PBXContainerItemProxy */;
		};
		C06BD69C17B9E7DA004CB1F8 /* PBXTargetDependency */ = {
			isa = PBXTargetDependency;
			target = C06BD68617B9E7DA004CB1F8 /* iTemplateEngine */;
			targetProxy = C06BD69B17B9E7DA004CB1F8 /* PBXContainerItemProxy */;
		};
/* End PBXTargetDependency section */

/* Begin PBXVariantGroup section */
		089C165CFE840E0CC02AAC07 /* InfoPlist.strings */ = {
			isa = PBXVariantGroup;
			children = (
				089C165DFE840E0CC02AAC07 /* English */,
			);
			name = InfoPlist.strings;
			sourceTree = "<group>";
		};
		1DDD58140DA1D0A300B32029 /* MainMenu.xib */ = {
			isa = PBXVariantGroup;
			children = (
				1DDD58150DA1D0A300B32029 /* English */,
			);
			name = MainMenu.xib;
			sourceTree = "<group>";
		};
		C01D85CC17C8F6F60074C3CF /* InfoPlist.strings */ = {
			isa = PBXVariantGroup;
			children = (
				C01D85CD17C8F6F60074C3CF /* en */,
			);
			name = InfoPlist.strings;
			sourceTree = "<group>";
		};
		C06BD6A117B9E7DA004CB1F8 /* InfoPlist.strings */ = {
			isa = PBXVariantGroup;
			children = (
				C06BD6A217B9E7DA004CB1F8 /* en */,
			);
			name = InfoPlist.strings;
			sourceTree = "<group>";
		};
/* End PBXVariantGroup section */

/* Begin XCBuildConfiguration section */
		C01D85D117C8F6F60074C3CF /* Debug */ = {
			isa = XCBuildConfiguration;
			buildSettings = {
				ALWAYS_SEARCH_USER_PATHS = NO;
				CLANG_CXX_LANGUAGE_STANDARD = "gnu++0x";
				CLANG_CXX_LIBRARY = "libc++";
				CLANG_ENABLE_MODULES = YES;
				CLANG_ENABLE_OBJC_ARC = NO;
				CLANG_WARN_BOOL_CONVERSION = YES;
				CLANG_WARN_CONSTANT_CONVERSION = YES;
				CLANG_WARN_DIRECT_OBJC_ISA_USAGE = YES_ERROR;
				CLANG_WARN_EMPTY_BODY = YES;
				CLANG_WARN_ENUM_CONVERSION = YES;
				CLANG_WARN_INT_CONVERSION = YES;
				CLANG_WARN_OBJC_ROOT_CLASS = YES_ERROR;
				CLANG_WARN__DUPLICATE_METHOD_MATCH = YES;
				COPY_PHASE_STRIP = NO;
				FRAMEWORK_SEARCH_PATHS = (
					"$(inherited)",
					"$(DEVELOPER_FRAMEWORKS_DIR)",
				);
				GCC_C_LANGUAGE_STANDARD = gnu99;
				GCC_DYNAMIC_NO_PIC = NO;
				GCC_ENABLE_OBJC_EXCEPTIONS = YES;
				GCC_PRECOMPILE_PREFIX_HEADER = YES;
				GCC_PREFIX_HEADER = "TemplateEngine/TemplateEngine-Prefix.pch";
				GCC_PREPROCESSOR_DEFINITIONS = (
					"DEBUG=1",
					"$(inherited)",
				);
				GCC_SYMBOLS_PRIVATE_EXTERN = NO;
				GCC_WARN_64_TO_32_BIT_CONVERSION = YES;
				GCC_WARN_ABOUT_RETURN_TYPE = YES_ERROR;
				GCC_WARN_UNDECLARED_SELECTOR = YES;
				GCC_WARN_UNINITIALIZED_AUTOS = YES;
				GCC_WARN_UNUSED_FUNCTION = YES;
				MACOSX_DEPLOYMENT_TARGET = 10.8;
				PRODUCT_NAME = "$(TARGET_NAME)";
				SDKROOT = macosx;
			};
			name = Debug;
		};
		C01D85D217C8F6F60074C3CF /* Release */ = {
			isa = XCBuildConfiguration;
			buildSettings = {
				ALWAYS_SEARCH_USER_PATHS = NO;
				CLANG_CXX_LANGUAGE_STANDARD = "gnu++0x";
				CLANG_CXX_LIBRARY = "libc++";
				CLANG_ENABLE_MODULES = YES;
				CLANG_ENABLE_OBJC_ARC = NO;
				CLANG_WARN_BOOL_CONVERSION = YES;
				CLANG_WARN_CONSTANT_CONVERSION = YES;
				CLANG_WARN_DIRECT_OBJC_ISA_USAGE = YES_ERROR;
				CLANG_WARN_EMPTY_BODY = YES;
				CLANG_WARN_ENUM_CONVERSION = YES;
				CLANG_WARN_INT_CONVERSION = YES;
				CLANG_WARN_OBJC_ROOT_CLASS = YES_ERROR;
				CLANG_WARN__DUPLICATE_METHOD_MATCH = YES;
				COPY_PHASE_STRIP = YES;
				DEBUG_INFORMATION_FORMAT = "dwarf-with-dsym";
				ENABLE_NS_ASSERTIONS = NO;
				FRAMEWORK_SEARCH_PATHS = (
					"$(inherited)",
					"$(DEVELOPER_FRAMEWORKS_DIR)",
				);
				GCC_C_LANGUAGE_STANDARD = gnu99;
				GCC_ENABLE_OBJC_EXCEPTIONS = YES;
				GCC_PRECOMPILE_PREFIX_HEADER = YES;
				GCC_PREFIX_HEADER = "TemplateEngine/TemplateEngine-Prefix.pch";
				GCC_WARN_64_TO_32_BIT_CONVERSION = YES;
				GCC_WARN_ABOUT_RETURN_TYPE = YES_ERROR;
				GCC_WARN_UNDECLARED_SELECTOR = YES;
				GCC_WARN_UNINITIALIZED_AUTOS = YES;
				GCC_WARN_UNUSED_FUNCTION = YES;
				MACOSX_DEPLOYMENT_TARGET = 10.8;
				PRODUCT_NAME = "$(TARGET_NAME)";
				SDKROOT = macosx;
			};
			name = Release;
		};
		C01D85D317C8F6F60074C3CF /* Debug */ = {
			isa = XCBuildConfiguration;
			buildSettings = {
				ALWAYS_SEARCH_USER_PATHS = NO;
				BUNDLE_LOADER = "$(BUILT_PRODUCTS_DIR)/MGTemplateEngine.app/Contents/MacOS/MGTemplateEngine";
				CLANG_CXX_LANGUAGE_STANDARD = "gnu++0x";
				CLANG_CXX_LIBRARY = "libc++";
				CLANG_ENABLE_MODULES = YES;
				CLANG_ENABLE_OBJC_ARC = YES;
				CLANG_WARN_BOOL_CONVERSION = YES;
				CLANG_WARN_CONSTANT_CONVERSION = YES;
				CLANG_WARN_DIRECT_OBJC_ISA_USAGE = YES_ERROR;
				CLANG_WARN_EMPTY_BODY = YES;
				CLANG_WARN_ENUM_CONVERSION = YES;
				CLANG_WARN_INT_CONVERSION = YES;
				CLANG_WARN_OBJC_ROOT_CLASS = YES_ERROR;
				CLANG_WARN__DUPLICATE_METHOD_MATCH = YES;
				COMBINE_HIDPI_IMAGES = YES;
				COPY_PHASE_STRIP = NO;
				FRAMEWORK_SEARCH_PATHS = (
					"$(DEVELOPER_FRAMEWORKS_DIR)",
					"$(inherited)",
				);
				GCC_C_LANGUAGE_STANDARD = gnu99;
				GCC_DYNAMIC_NO_PIC = NO;
				GCC_ENABLE_OBJC_EXCEPTIONS = YES;
				GCC_PRECOMPILE_PREFIX_HEADER = YES;
				GCC_PREFIX_HEADER = "TemplateEngine/TemplateEngine-Prefix.pch";
				GCC_PREPROCESSOR_DEFINITIONS = (
					"DEBUG=1",
					"$(inherited)",
				);
				GCC_SYMBOLS_PRIVATE_EXTERN = NO;
				GCC_WARN_64_TO_32_BIT_CONVERSION = YES;
				GCC_WARN_ABOUT_RETURN_TYPE = YES_ERROR;
				GCC_WARN_UNDECLARED_SELECTOR = YES;
				GCC_WARN_UNINITIALIZED_AUTOS = YES;
				GCC_WARN_UNUSED_FUNCTION = YES;
				INFOPLIST_FILE = "TemplateEngineTests/TemplateEngineTests-Info.plist";
				MACOSX_DEPLOYMENT_TARGET = 10.8;
				PRODUCT_BUNDLE_IDENTIFIER = "com.basilsalad.${PRODUCT_NAME:rfc1034identifier}";
				PRODUCT_NAME = "$(TARGET_NAME)";
				SDKROOT = macosx;
				TEST_HOST = "$(BUNDLE_LOADER)";
				WRAPPER_EXTENSION = xctest;
			};
			name = Debug;
		};
		C01D85D417C8F6F60074C3CF /* Release */ = {
			isa = XCBuildConfiguration;
			buildSettings = {
				ALWAYS_SEARCH_USER_PATHS = NO;
				BUNDLE_LOADER = "$(BUILT_PRODUCTS_DIR)/MGTemplateEngine.app/Contents/MacOS/MGTemplateEngine";
				CLANG_CXX_LANGUAGE_STANDARD = "gnu++0x";
				CLANG_CXX_LIBRARY = "libc++";
				CLANG_ENABLE_MODULES = YES;
				CLANG_ENABLE_OBJC_ARC = YES;
				CLANG_WARN_BOOL_CONVERSION = YES;
				CLANG_WARN_CONSTANT_CONVERSION = YES;
				CLANG_WARN_DIRECT_OBJC_ISA_USAGE = YES_ERROR;
				CLANG_WARN_EMPTY_BODY = YES;
				CLANG_WARN_ENUM_CONVERSION = YES;
				CLANG_WARN_INT_CONVERSION = YES;
				CLANG_WARN_OBJC_ROOT_CLASS = YES_ERROR;
				CLANG_WARN__DUPLICATE_METHOD_MATCH = YES;
				COMBINE_HIDPI_IMAGES = YES;
				COPY_PHASE_STRIP = YES;
				DEBUG_INFORMATION_FORMAT = "dwarf-with-dsym";
				ENABLE_NS_ASSERTIONS = NO;
				FRAMEWORK_SEARCH_PATHS = (
					"$(DEVELOPER_FRAMEWORKS_DIR)",
					"$(inherited)",
				);
				GCC_C_LANGUAGE_STANDARD = gnu99;
				GCC_ENABLE_OBJC_EXCEPTIONS = YES;
				GCC_PRECOMPILE_PREFIX_HEADER = YES;
				GCC_PREFIX_HEADER = "TemplateEngine/TemplateEngine-Prefix.pch";
				GCC_WARN_64_TO_32_BIT_CONVERSION = YES;
				GCC_WARN_ABOUT_RETURN_TYPE = YES_ERROR;
				GCC_WARN_UNDECLARED_SELECTOR = YES;
				GCC_WARN_UNINITIALIZED_AUTOS = YES;
				GCC_WARN_UNUSED_FUNCTION = YES;
				INFOPLIST_FILE = "TemplateEngineTests/TemplateEngineTests-Info.plist";
				MACOSX_DEPLOYMENT_TARGET = 10.8;
				PRODUCT_BUNDLE_IDENTIFIER = "com.basilsalad.${PRODUCT_NAME:rfc1034identifier}";
				PRODUCT_NAME = "$(TARGET_NAME)";
				SDKROOT = macosx;
				TEST_HOST = "$(BUNDLE_LOADER)";
				WRAPPER_EXTENSION = xctest;
			};
			name = Release;
		};
		C01FCF4B08A954540054247B /* Debug */ = {
			isa = XCBuildConfiguration;
			buildSettings = {
				ALWAYS_SEARCH_USER_PATHS = NO;
				COMBINE_HIDPI_IMAGES = YES;
				COPY_PHASE_STRIP = NO;
				GCC_DYNAMIC_NO_PIC = NO;
				GCC_ENABLE_FIX_AND_CONTINUE = YES;
				GCC_MODEL_TUNING = G5;
				GCC_OPTIMIZATION_LEVEL = 0;
				GCC_PRECOMPILE_PREFIX_HEADER = YES;
				GCC_PREFIX_HEADER = MGTemplateEngine_Prefix.pch;
				INFOPLIST_FILE = Info.plist;
				INSTALL_PATH = "$(HOME)/Applications";
				PRODUCT_BUNDLE_IDENTIFIER = "com.yourcompany.${PRODUCT_NAME:identifier}";
				PRODUCT_NAME = MGTemplateEngine;
				SKIP_INSTALL = YES;
			};
			name = Debug;
		};
		C01FCF4C08A954540054247B /* Release */ = {
			isa = XCBuildConfiguration;
			buildSettings = {
				ALWAYS_SEARCH_USER_PATHS = NO;
				COMBINE_HIDPI_IMAGES = YES;
				DEBUG_INFORMATION_FORMAT = "dwarf-with-dsym";
				GCC_MODEL_TUNING = G5;
				GCC_PRECOMPILE_PREFIX_HEADER = YES;
				GCC_PREFIX_HEADER = MGTemplateEngine_Prefix.pch;
				INFOPLIST_FILE = Info.plist;
				INSTALL_PATH = "$(HOME)/Applications";
				PRODUCT_BUNDLE_IDENTIFIER = "com.yourcompany.${PRODUCT_NAME:identifier}";
				PRODUCT_NAME = MGTemplateEngine;
				SKIP_INSTALL = YES;
			};
			name = Release;
		};
		C01FCF4F08A954540054247B /* Debug */ = {
			isa = XCBuildConfiguration;
			buildSettings = {
				CLANG_WARN_BOOL_CONVERSION = YES;
				CLANG_WARN_CONSTANT_CONVERSION = YES;
				CLANG_WARN_EMPTY_BODY = YES;
				CLANG_WARN_ENUM_CONVERSION = YES;
				CLANG_WARN_INFINITE_RECURSION = YES;
				CLANG_WARN_INT_CONVERSION = YES;
				CLANG_WARN_SUSPICIOUS_MOVE = YES;
				CLANG_WARN_UNREACHABLE_CODE = YES;
				CLANG_WARN__DUPLICATE_METHOD_MATCH = YES;
				ENABLE_STRICT_OBJC_MSGSEND = YES;
				ENABLE_TESTABILITY = YES;
				GCC_C_LANGUAGE_STANDARD = c99;
				GCC_NO_COMMON_BLOCKS = YES;
				GCC_OPTIMIZATION_LEVEL = 0;
				GCC_WARN_64_TO_32_BIT_CONVERSION = YES;
				GCC_WARN_ABOUT_RETURN_TYPE = YES;
				GCC_WARN_UNDECLARED_SELECTOR = YES;
				GCC_WARN_UNINITIALIZED_AUTOS = YES;
				GCC_WARN_UNUSED_FUNCTION = YES;
				GCC_WARN_UNUSED_VARIABLE = YES;
				ONLY_ACTIVE_ARCH = YES;
				PREBINDING = NO;
				SDKROOT = macosx;
				SKIP_INSTALL = YES;
			};
			name = Debug;
		};
		C01FCF5008A954540054247B /* Release */ = {
			isa = XCBuildConfiguration;
			buildSettings = {
				CLANG_WARN_BOOL_CONVERSION = YES;
				CLANG_WARN_CONSTANT_CONVERSION = YES;
				CLANG_WARN_EMPTY_BODY = YES;
				CLANG_WARN_ENUM_CONVERSION = YES;
				CLANG_WARN_INFINITE_RECURSION = YES;
				CLANG_WARN_INT_CONVERSION = YES;
				CLANG_WARN_SUSPICIOUS_MOVE = YES;
				CLANG_WARN_UNREACHABLE_CODE = YES;
				CLANG_WARN__DUPLICATE_METHOD_MATCH = YES;
				ENABLE_STRICT_OBJC_MSGSEND = YES;
				GCC_C_LANGUAGE_STANDARD = c99;
				GCC_NO_COMMON_BLOCKS = YES;
				GCC_WARN_64_TO_32_BIT_CONVERSION = YES;
				GCC_WARN_ABOUT_RETURN_TYPE = YES;
				GCC_WARN_UNDECLARED_SELECTOR = YES;
				GCC_WARN_UNINITIALIZED_AUTOS = YES;
				GCC_WARN_UNUSED_FUNCTION = YES;
				GCC_WARN_UNUSED_VARIABLE = YES;
				PREBINDING = NO;
				SDKROOT = macosx;
				SKIP_INSTALL = YES;
			};
			name = Release;
		};
		C06BD6A617B9E7DA004CB1F8 /* Debug */ = {
			isa = XCBuildConfiguration;
			buildSettings = {
				ALWAYS_SEARCH_USER_PATHS = NO;
				CLANG_CXX_LANGUAGE_STANDARD = "gnu++0x";
				CLANG_CXX_LIBRARY = "libc++";
				CLANG_ENABLE_MODULES = YES;
				CLANG_ENABLE_OBJC_ARC = NO;
				CLANG_WARN_BOOL_CONVERSION = YES;
				CLANG_WARN_CONSTANT_CONVERSION = YES;
				CLANG_WARN_DIRECT_OBJC_ISA_USAGE = YES_ERROR;
				CLANG_WARN_EMPTY_BODY = YES;
				CLANG_WARN_ENUM_CONVERSION = YES;
				CLANG_WARN_INT_CONVERSION = YES;
				CLANG_WARN_OBJC_ROOT_CLASS = YES_ERROR;
				CLANG_WARN__DUPLICATE_METHOD_MATCH = YES;
				COPY_PHASE_STRIP = NO;
				FRAMEWORK_SEARCH_PATHS = (
					"$(inherited)",
					"$(DEVELOPER_FRAMEWORKS_DIR)",
				);
				GCC_C_LANGUAGE_STANDARD = gnu99;
				GCC_DYNAMIC_NO_PIC = NO;
				GCC_PRECOMPILE_PREFIX_HEADER = YES;
				GCC_PREFIX_HEADER = "iTemplateEngine/iTemplateEngine-Prefix.pch";
				GCC_PREPROCESSOR_DEFINITIONS = (
					"DEBUG=1",
					"$(inherited)",
				);
				GCC_SYMBOLS_PRIVATE_EXTERN = NO;
				GCC_WARN_ABOUT_RETURN_TYPE = YES_ERROR;
				GCC_WARN_UNDECLARED_SELECTOR = YES;
				GCC_WARN_UNINITIALIZED_AUTOS = YES;
				GCC_WARN_UNUSED_FUNCTION = YES;
				IPHONEOS_DEPLOYMENT_TARGET = 8.0;
				ONLY_ACTIVE_ARCH = NO;
				OTHER_LDFLAGS = "-ObjC";
				PRODUCT_NAME = "$(TARGET_NAME)";
				SDKROOT = iphoneos;
				SKIP_INSTALL = YES;
			};
			name = Debug;
		};
		C06BD6A717B9E7DA004CB1F8 /* Release */ = {
			isa = XCBuildConfiguration;
			buildSettings = {
				ALWAYS_SEARCH_USER_PATHS = NO;
				CLANG_CXX_LANGUAGE_STANDARD = "gnu++0x";
				CLANG_CXX_LIBRARY = "libc++";
				CLANG_ENABLE_MODULES = YES;
				CLANG_ENABLE_OBJC_ARC = NO;
				CLANG_WARN_BOOL_CONVERSION = YES;
				CLANG_WARN_CONSTANT_CONVERSION = YES;
				CLANG_WARN_DIRECT_OBJC_ISA_USAGE = YES_ERROR;
				CLANG_WARN_EMPTY_BODY = YES;
				CLANG_WARN_ENUM_CONVERSION = YES;
				CLANG_WARN_INT_CONVERSION = YES;
				CLANG_WARN_OBJC_ROOT_CLASS = YES_ERROR;
				CLANG_WARN__DUPLICATE_METHOD_MATCH = YES;
				COPY_PHASE_STRIP = YES;
				ENABLE_NS_ASSERTIONS = NO;
				FRAMEWORK_SEARCH_PATHS = (
					"$(inherited)",
					"$(DEVELOPER_FRAMEWORKS_DIR)",
				);
				GCC_C_LANGUAGE_STANDARD = gnu99;
				GCC_PRECOMPILE_PREFIX_HEADER = YES;
				GCC_PREFIX_HEADER = "iTemplateEngine/iTemplateEngine-Prefix.pch";
				GCC_WARN_ABOUT_RETURN_TYPE = YES_ERROR;
				GCC_WARN_UNDECLARED_SELECTOR = YES;
				GCC_WARN_UNINITIALIZED_AUTOS = YES;
				GCC_WARN_UNUSED_FUNCTION = YES;
				IPHONEOS_DEPLOYMENT_TARGET = 8.0;
				ONLY_ACTIVE_ARCH = NO;
				OTHER_LDFLAGS = "-ObjC";
				PRODUCT_NAME = "$(TARGET_NAME)";
				SDKROOT = iphoneos;
				SKIP_INSTALL = YES;
			};
			name = Release;
		};
		C06BD6A817B9E7DA004CB1F8 /* Debug */ = {
			isa = XCBuildConfiguration;
			buildSettings = {
				ALWAYS_SEARCH_USER_PATHS = NO;
				BUNDLE_LOADER = "$(BUILT_PRODUCTS_DIR)/MGTemplateEngine.app/Contents/MacOS/MGTemplateEngine";
				CLANG_CXX_LANGUAGE_STANDARD = "gnu++0x";
				CLANG_CXX_LIBRARY = "libc++";
				CLANG_ENABLE_MODULES = YES;
				CLANG_ENABLE_OBJC_ARC = YES;
				CLANG_WARN_BOOL_CONVERSION = YES;
				CLANG_WARN_CONSTANT_CONVERSION = YES;
				CLANG_WARN_DIRECT_OBJC_ISA_USAGE = YES_ERROR;
				CLANG_WARN_EMPTY_BODY = YES;
				CLANG_WARN_ENUM_CONVERSION = YES;
				CLANG_WARN_INT_CONVERSION = YES;
				CLANG_WARN_OBJC_ROOT_CLASS = YES_ERROR;
				CLANG_WARN__DUPLICATE_METHOD_MATCH = YES;
				COPY_PHASE_STRIP = NO;
				FRAMEWORK_SEARCH_PATHS = (
					"$(SDKROOT)/Developer/Library/Frameworks",
					"$(inherited)",
					"$(DEVELOPER_FRAMEWORKS_DIR)",
				);
				GCC_C_LANGUAGE_STANDARD = gnu99;
				GCC_DYNAMIC_NO_PIC = NO;
				GCC_PRECOMPILE_PREFIX_HEADER = YES;
				GCC_PREFIX_HEADER = "iTemplateEngine/iTemplateEngine-Prefix.pch";
				GCC_PREPROCESSOR_DEFINITIONS = (
					"DEBUG=1",
					"$(inherited)",
				);
				GCC_SYMBOLS_PRIVATE_EXTERN = NO;
				GCC_WARN_ABOUT_RETURN_TYPE = YES_ERROR;
				GCC_WARN_UNDECLARED_SELECTOR = YES;
				GCC_WARN_UNINITIALIZED_AUTOS = YES;
				GCC_WARN_UNUSED_FUNCTION = YES;
				INFOPLIST_FILE = "iTemplateEngineTests/iTemplateEngineTests-Info.plist";
				IPHONEOS_DEPLOYMENT_TARGET = 8.0;
				PRODUCT_BUNDLE_IDENTIFIER = "com.basilsalad.${PRODUCT_NAME:rfc1034identifier}";
				PRODUCT_NAME = "$(TARGET_NAME)";
				SDKROOT = iphoneos;
				TEST_HOST = "$(BUNDLE_LOADER)";
				WRAPPER_EXTENSION = xctest;
			};
			name = Debug;
		};
		C06BD6A917B9E7DA004CB1F8 /* Release */ = {
			isa = XCBuildConfiguration;
			buildSettings = {
				ALWAYS_SEARCH_USER_PATHS = NO;
				BUNDLE_LOADER = "$(BUILT_PRODUCTS_DIR)/MGTemplateEngine.app/Contents/MacOS/MGTemplateEngine";
				CLANG_CXX_LANGUAGE_STANDARD = "gnu++0x";
				CLANG_CXX_LIBRARY = "libc++";
				CLANG_ENABLE_MODULES = YES;
				CLANG_ENABLE_OBJC_ARC = YES;
				CLANG_WARN_BOOL_CONVERSION = YES;
				CLANG_WARN_CONSTANT_CONVERSION = YES;
				CLANG_WARN_DIRECT_OBJC_ISA_USAGE = YES_ERROR;
				CLANG_WARN_EMPTY_BODY = YES;
				CLANG_WARN_ENUM_CONVERSION = YES;
				CLANG_WARN_INT_CONVERSION = YES;
				CLANG_WARN_OBJC_ROOT_CLASS = YES_ERROR;
				CLANG_WARN__DUPLICATE_METHOD_MATCH = YES;
				COPY_PHASE_STRIP = YES;
				ENABLE_NS_ASSERTIONS = NO;
				FRAMEWORK_SEARCH_PATHS = (
					"$(SDKROOT)/Developer/Library/Frameworks",
					"$(inherited)",
					"$(DEVELOPER_FRAMEWORKS_DIR)",
				);
				GCC_C_LANGUAGE_STANDARD = gnu99;
				GCC_PRECOMPILE_PREFIX_HEADER = YES;
				GCC_PREFIX_HEADER = "iTemplateEngine/iTemplateEngine-Prefix.pch";
				GCC_WARN_ABOUT_RETURN_TYPE = YES_ERROR;
				GCC_WARN_UNDECLARED_SELECTOR = YES;
				GCC_WARN_UNINITIALIZED_AUTOS = YES;
				GCC_WARN_UNUSED_FUNCTION = YES;
				INFOPLIST_FILE = "iTemplateEngineTests/iTemplateEngineTests-Info.plist";
				IPHONEOS_DEPLOYMENT_TARGET = 8.0;
				PRODUCT_BUNDLE_IDENTIFIER = "com.basilsalad.${PRODUCT_NAME:rfc1034identifier}";
				PRODUCT_NAME = "$(TARGET_NAME)";
				SDKROOT = iphoneos;
				TEST_HOST = "$(BUNDLE_LOADER)";
				VALIDATE_PRODUCT = YES;
				WRAPPER_EXTENSION = xctest;
			};
			name = Release;
		};
/* End XCBuildConfiguration section */

/* Begin XCConfigurationList section */
		C01D85D517C8F6F60074C3CF /* Build configuration list for PBXNativeTarget "TemplateEngine" */ = {
			isa = XCConfigurationList;
			buildConfigurations = (
				C01D85D117C8F6F60074C3CF /* Debug */,
				C01D85D217C8F6F60074C3CF /* Release */,
			);
			defaultConfigurationIsVisible = 0;
			defaultConfigurationName = Release;
		};
		C01D85D617C8F6F60074C3CF /* Build configuration list for PBXNativeTarget "TemplateEngineTests" */ = {
			isa = XCConfigurationList;
			buildConfigurations = (
				C01D85D317C8F6F60074C3CF /* Debug */,
				C01D85D417C8F6F60074C3CF /* Release */,
			);
			defaultConfigurationIsVisible = 0;
			defaultConfigurationName = Release;
		};
		C01FCF4A08A954540054247B /* Build configuration list for PBXNativeTarget "MGTemplateEngine" */ = {
			isa = XCConfigurationList;
			buildConfigurations = (
				C01FCF4B08A954540054247B /* Debug */,
				C01FCF4C08A954540054247B /* Release */,
			);
			defaultConfigurationIsVisible = 0;
			defaultConfigurationName = Release;
		};
		C01FCF4E08A954540054247B /* Build configuration list for PBXProject "MGTemplateEngine" */ = {
			isa = XCConfigurationList;
			buildConfigurations = (
				C01FCF4F08A954540054247B /* Debug */,
				C01FCF5008A954540054247B /* Release */,
			);
			defaultConfigurationIsVisible = 0;
			defaultConfigurationName = Release;
		};
		C06BD6AA17B9E7DA004CB1F8 /* Build configuration list for PBXNativeTarget "iTemplateEngine" */ = {
			isa = XCConfigurationList;
			buildConfigurations = (
				C06BD6A617B9E7DA004CB1F8 /* Debug */,
				C06BD6A717B9E7DA004CB1F8 /* Release */,
			);
			defaultConfigurationIsVisible = 0;
			defaultConfigurationName = Release;
		};
		C06BD6AB17B9E7DA004CB1F8 /* Build configuration list for PBXNativeTarget "iTemplateEngineTests" */ = {
			isa = XCConfigurationList;
			buildConfigurations = (
				C06BD6A817B9E7DA004CB1F8 /* Debug */,
				C06BD6A917B9E7DA004CB1F8 /* Release */,
			);
			defaultConfigurationIsVisible = 0;
			defaultConfigurationName = Release;
		};
/* End XCConfigurationList section */
	};
	rootObject = 29B97313FDCFA39411CA2CEA /* Project object */;
}
